{
  "name": "solana-keypair-devnet",
  "version": "1.0.0",
  "lockfileVersion": 3,
  "requires": true,
  "packages": {
    "": {
      "name": "solana-keypair-devnet",
      "version": "1.0.0",
      "license": "ISC",
      "dependencies": {
        "@solana/kit": "^7.0.0"
      }
    },
    "node_modules/@solana/accounts": {
      "version": "7.0.0",
      "resolved": "https://registry.npmjs.org/@solana/accounts/-/accounts-7.0.0.tgz",
      "integrity": "sha512-RfbinkhuWxcObxZIdjeWEn/mzLqRp/h2hAk/ZQCUxPdDBW8h4XxEybK9GBItGOAcrUz5HuusXTD+cXXnlIxWcg==",
      "license": "MIT",
      "dependencies": {
        "@solana/addresses": "7.0.0",
        "@solana/codecs-core": "7.0.0",
        "@solana/codecs-strings": "7.0.0",
        "@solana/errors": "7.0.0",
        "@solana/rpc-spec": "7.0.0",
        "@solana/rpc-types": "7.0.0"
      },
      "engines": {
        "node": ">=20.18.0"
      },
      "peerDependencies": {
        "typescript": ">=5.4.0"
      },
      "peerDependenciesMeta": {
        "typescript": {
          "optional": true
        }
      }
    },
    "node_modules/@solana/addresses": {
      "version": "7.0.0",
      "resolved": "https://registry.npmjs.org/@solana/addresses/-/addresses-7.0.0.tgz",
      "integrity": "sha512-E7sJtV5d3bXrmw3I30rcKY+xoqM++6KIVJCi+q8ZaSMyP04UMfEENPHIJ+TkyS1RUgjzPT91ka/oWrtTh6EfkQ==",
      "license": "MIT",
      "dependencies": {
        "@solana/assertions": "7.0.0",
        "@solana/codecs-core": "7.0.0",
        "@solana/codecs-strings": "7.0.0",
        "@solana/errors": "7.0.0",
        "@solana/nominal-types": "7.0.0"
      },
      "engines": {
        "node": ">=20.18.0"
      },
      "peerDependencies": {
        "typescript": ">=5.4.0"
      },
      "peerDependenciesMeta": {
        "typescript": {
          "optional": true
        }
      }
    },
    "node_modules/@solana/assertions": {
      "version": "7.0.0",
      "resolved": "https://registry.npmjs.org/@solana/assertions/-/assertions-7.0.0.tgz",
      "integrity": "sha512-CShOQLPezI0tbrih+L88fzt8FMHDyJoWkmulk4wfRp3HhpQL2yNlH/SWLH033qysnvkmE7TxBFUtcnbnf7jz1g==",
      "license": "MIT",
      "dependencies": {
        "@solana/errors": "7.0.0"
      },
      "engines": {
        "node": ">=20.18.0"
      },
      "peerDependencies": {
        "typescript": ">=5.4.0"
      },
      "peerDependenciesMeta": {
        "typescript": {
          "optional": true
        }
      }
    },
    "node_modules/@solana/codecs": {
      "version": "7.0.0",
      "resolved": "https://registry.npmjs.org/@solana/codecs/-/codecs-7.0.0.tgz",
      "integrity": "sha512-xT1IbwKkPZ544u/eqhb9SZ0fNYJidWgIUzKNQMbvLCwduayAkQp+czlGdvLQ6CVlqtCewtH3gW8biGU7YuBdEw==",
      "license": "MIT",
      "dependencies": {
        "@solana/codecs-core": "7.0.0",
        "@solana/codecs-data-structures": "7.0.0",
        "@solana/codecs-numbers": "7.0.0",
        "@solana/codecs-strings": "7.0.0",
        "@solana/fixed-points": "7.0.0",
        "@solana/options": "7.0.0"
      },
      "engines": {
        "node": ">=20.18.0"
      },
      "peerDependencies": {
        "typescript": ">=5.4.0"
      },
      "peerDependenciesMeta": {
        "typescript": {
          "optional": true
        }
      }
    },
    "node_modules/@solana/codecs-core": {
      "version": "7.0.0",
      "resolved": "https://registry.npmjs.org/@solana/codecs-core/-/codecs-core-7.0.0.tgz",
      "integrity": "sha512-6HtEisZEtFb6okARUgYqmKdDbn2aHRrSCDgB1/GEwr0s6fK5XNYpafaSjorbs2MEyZV3tCUFTj2j6fk/4nNcLg==",
      "license": "MIT",
      "dependencies": {
        "@solana/errors": "7.0.0"
      },
      "engines": {
        "node": ">=20.18.0"
      },
      "peerDependencies": {
        "typescript": ">=5.4.0"
      },
      "peerDependenciesMeta": {
        "typescript": {
          "optional": true
        }
      }
    },
    "node_modules/@solana/codecs-data-structures": {
      "version": "7.0.0",
      "resolved": "https://registry.npmjs.org/@solana/codecs-data-structures/-/codecs-data-structures-7.0.0.tgz",
      "integrity": "sha512-P0Ys1mB4lYlz3MMTCaJSysE3OYrq8WvsveU1ta8U/yG1qChXFGCOxPVh06swjaRxwPrEakb9VUESS5vNtp1rRA==",
      "license": "MIT",
      "dependencies": {
        "@solana/codecs-core": "7.0.0",
        "@solana/codecs-numbers": "7.0.0",
        "@solana/errors": "7.0.0"
      },
      "engines": {
        "node": ">=20.18.0"
      },
      "peerDependencies": {
        "typescript": ">=5.4.0"
      },
      "peerDependenciesMeta": {
        "typescript": {
          "optional": true
        }
      }
    },
    "node_modules/@solana/codecs-numbers": {
      "version": "7.0.0",
      "resolved": "https://registry.npmjs.org/@solana/codecs-numbers/-/codecs-numbers-7.0.0.tgz",
      "integrity": "sha512-XL0jnmnXr3ceoX4tusT+XkBVR2iGKEJecTIXbIV7ILi9xObg3fNXafNbTmbIOvKc0ByTyjo8EWZ9jQKSRWgsgA==",
      "license": "MIT",
      "dependencies": {
        "@solana/codecs-core": "7.0.0",
        "@solana/errors": "7.0.0"
      },
      "engines": {
        "node": ">=20.18.0"
      },
      "peerDependencies": {
        "typescript": ">=5.4.0"
      },
      "peerDependenciesMeta": {
        "typescript": {
          "optional": true
        }
      }
    },
    "node_modules/@solana/codecs-strings": {
      "version": "7.0.0",
      "resolved": "https://registry.npmjs.org/@solana/codecs-strings/-/codecs-strings-7.0.0.tgz",
      "integrity": "sha512-zXE1PE9HkVk6phZ6aqHTXvLZ0qIl5bJNIvG9eMB7LuFO1XBVQywJUtjKS8fE3/xmRCWSMilFSrEXGA+SpOyLrQ==",
      "license": "MIT",
      "dependencies": {
        "@solana/codecs-core": "7.0.0",
        "@solana/codecs-numbers": "7.0.0",
        "@solana/errors": "7.0.0"
      },
      "engines": {
        "node": ">=20.18.0"
      },
      "peerDependencies": {
        "fastestsmallesttextencoderdecoder": "^1.0.22",
        "typescript": ">=5.4.0"
      },
      "peerDependenciesMeta": {
        "fastestsmallesttextencoderdecoder": {
          "optional": true
        },
        "typescript": {
          "optional": true
        }
      }
    },
    "node_modules/@solana/errors": {
      "version": "7.0.0",
      "resolved": "https://registry.npmjs.org/@solana/errors/-/errors-7.0.0.tgz",
      "integrity": "sha512-94r+LLSzZ0XVp+LOogwxWGXeo138uvwqtqRW9Tjl1DIXrFgh8euXnJSXZyydu1UXJs7ItOSm0QreJviSGw3TGQ==",
      "license": "MIT",
      "dependencies": {
        "chalk": "5.6.2",
        "commander": "15.0.0"
      },
      "bin": {
        "errors": "bin/cli.mjs"
      },
      "engines": {
        "node": ">=20.18.0"
      },
      "peerDependencies": {
        "typescript": ">=5.4.0"
      },
      "peerDependenciesMeta": {
        "typescript": {
          "optional": true
        }
      }
    },
    "node_modules/@solana/fast-stable-stringify": {
      "version": "7.0.0",
      "resolved": "https://registry.npmjs.org/@solana/fast-stable-stringify/-/fast-stable-stringify-7.0.0.tgz",
      "integrity": "sha512-i/b5ZJMqMJXa6etjypANa2/ErPZfNG9/EVIYl7HpWooyCRgZ8hZJmJ2Cgrp0r4EMXCLeWn4aEG2HOBTzOJ4F7Q==",
      "license": "MIT",
      "engines": {
        "node": ">=20.18.0"
      },
      "peerDependencies": {
        "typescript": ">=5.4.0"
      },
      "peerDependenciesMeta": {
        "typescript": {
          "optional": true
        }
      }
    },
    "node_modules/@solana/fixed-points": {
      "version": "7.0.0",
      "resolved": "https://registry.npmjs.org/@solana/fixed-points/-/fixed-points-7.0.0.tgz",
      "integrity": "sha512-Y3gcyHTponi5kXpWVEJIhuZ7yT84N+8He4dbjXWqwMBJnzKM+4tqFCbzy6y+6+Jxt44RT1lDmbpxmZopFRXU8Q==",
      "license": "MIT",
      "dependencies": {
        "@solana/codecs-core": "7.0.0",
        "@solana/errors": "7.0.0"
      },
      "engines": {
        "node": ">=20.18.0"
      },
      "peerDependencies": {
        "typescript": ">=5.4.0"
      },
      "peerDependenciesMeta": {
        "typescript": {
          "optional": true
        }
      }
    },
    "node_modules/@solana/functional": {
      "version": "7.0.0",
      "resolved": "https://registry.npmjs.org/@solana/functional/-/functional-7.0.0.tgz",
      "integrity": "sha512-ix9fzYhc2hCLiYf+hGI00mzzayANKDExEBxbwrtMj/BdQkwgUIvIlOssqHeSqDChL3UZhq9lR24Nz4JwYX8Jbw==",
      "license": "MIT",
      "engines": {
        "node": ">=20.18.0"
      },
      "peerDependencies": {
        "typescript": ">=5.4.0"
      },
      "peerDependenciesMeta": {
        "typescript": {
          "optional": true
        }
      }
    },
    "node_modules/@solana/instruction-plans": {
      "version": "7.0.0",
      "resolved": "https://registry.npmjs.org/@solana/instruction-plans/-/instruction-plans-7.0.0.tgz",
      "integrity": "sha512-uzXHztc8hLoT5TNWFsBX2DIETyp/Lr2l36O330s3YCgpRmfI4IRbBrjjq7TxDYFm/QY8+DD4CRG8p7wZSqG8dQ==",
      "license": "MIT",
      "dependencies": {
        "@solana/errors": "7.0.0",
        "@solana/instructions": "7.0.0",
        "@solana/keys": "7.0.0",
        "@solana/promises": "7.0.0",
        "@solana/transaction-messages": "7.0.0",
        "@solana/transactions": "7.0.0"
      },
      "engines": {
        "node": ">=20.18.0"
      },
      "peerDependencies": {
        "typescript": ">=5.4.0"
      },
      "peerDependenciesMeta": {
        "typescript": {
          "optional": true
        }
      }
    },
    "node_modules/@solana/instructions": {
      "version": "7.0.0",
      "resolved": "https://registry.npmjs.org/@solana/instructions/-/instructions-7.0.0.tgz",
      "integrity": "sha512-ZN0gKAtCOKDuIaStcvLZDf5H20fkk7jr4dZE0Rk7z0kslf6mrRam9Y23N6AzeHp/b5ZeVKyfaTf4M35mOktLNg==",
      "license": "MIT",
      "dependencies": {
        "@solana/codecs-core": "7.0.0",
        "@solana/errors": "7.0.0"
      },
      "engines": {
        "node": ">=20.18.0"
      },
      "peerDependencies": {
        "typescript": ">=5.4.0"
      },
      "peerDependenciesMeta": {
        "typescript": {
          "optional": true
        }
      }
    },
    "node_modules/@solana/keys": {
      "version": "7.0.0",
      "resolved": "https://registry.npmjs.org/@solana/keys/-/keys-7.0.0.tgz",
      "integrity": "sha512-JsdYR/YN3AGHZN2aZoeE5cymHYkNoBLnqgXoRncW/VyD7fMcR350aHU1hCMYd0b5BtITLsGmvvtvrgVkzK83Eg==",
      "license": "MIT",
      "dependencies": {
        "@solana/assertions": "7.0.0",
        "@solana/codecs-core": "7.0.0",
        "@solana/codecs-strings": "7.0.0",
        "@solana/errors": "7.0.0",
        "@solana/nominal-types": "7.0.0",
        "@solana/promises": "7.0.0"
      },
      "engines": {
        "node": ">=20.18.0"
      },
      "peerDependencies": {
        "typescript": ">=5.4.0"
      },
      "peerDependenciesMeta": {
        "typescript": {
          "optional": true
        }
      }
    },
    "node_modules/@solana/kit": {
      "version": "7.0.0",
      "resolved": "https://registry.npmjs.org/@solana/kit/-/kit-7.0.0.tgz",
      "integrity": "sha512-ZCeai4LRJQooUmJXvpgMEGFTrCdJnV1ODbDJ8oqFZ+Y4t/9x1baQsFFpruqsdRyeGv2Rr+X6jV7cldVD+hyzRA==",
      "license": "MIT",
      "dependencies": {
        "@solana/accounts": "7.0.0",
        "@solana/addresses": "7.0.0",
        "@solana/codecs": "7.0.0",
        "@solana/errors": "7.0.0",
        "@solana/functional": "7.0.0",
        "@solana/instruction-plans": "7.0.0",
        "@solana/instructions": "7.0.0",
        "@solana/keys": "7.0.0",
        "@solana/offchain-messages": "7.0.0",
        "@solana/plugin-core": "7.0.0",
        "@solana/plugin-interfaces": "7.0.0",
        "@solana/program-client-core": "7.0.0",
        "@solana/programs": "7.0.0",
        "@solana/rpc": "7.0.0",
        "@solana/rpc-api": "7.0.0",
        "@solana/rpc-parsed-types": "7.0.0",
        "@solana/rpc-spec-types": "7.0.0",
        "@solana/rpc-subscriptions": "7.0.0",
        "@solana/rpc-types": "7.0.0",
        "@solana/signers": "7.0.0",
        "@solana/subscribable": "7.0.0",
        "@solana/sysvars": "7.0.0",
        "@solana/transaction-confirmation": "7.0.0",
        "@solana/transaction-introspection": "7.0.0",
        "@solana/transaction-messages": "7.0.0",
        "@solana/transactions": "7.0.0"
      },
      "engines": {
        "node": ">=20.18.0"
      },
      "peerDependencies": {
        "typescript": ">=5.4.0"
      },
      "peerDependenciesMeta": {
        "typescript": {
          "optional": true
        }
      }
    },
    "node_modules/@solana/nominal-types": {
      "version": "7.0.0",
      "resolved": "https://registry.npmjs.org/@solana/nominal-types/-/nominal-types-7.0.0.tgz",
      "integrity": "sha512-ff21hmKKMckDkGWah9tRXsEyFCtSnkugH+EMLGJOn7tiXdtFljOXW5Q12IXyeil87EE8aWb1MS6p8v5+hi71Vg==",
      "license": "MIT",
      "engines": {
        "node": ">=20.18.0"
      },
      "peerDependencies": {
        "typescript": ">=5.4.0"
      },
      "peerDependenciesMeta": {
        "typescript": {
          "optional": true
        }
      }
    },
    "node_modules/@solana/offchain-messages": {
      "version": "7.0.0",
      "resolved": "https://registry.npmjs.org/@solana/offchain-messages/-/offchain-messages-7.0.0.tgz",
      "integrity": "sha512-fGrzxmqVStweGHRlXVAPKACdDboFCwXq5m8C+aD9Nupax6Q9rnvjICzYRLypwqB9X90XIZazh0ys+0KGLMpIJQ==",
      "license": "MIT",
      "dependencies": {
        "@solana/addresses": "7.0.0",
        "@solana/codecs-core": "7.0.0",
        "@solana/codecs-data-structures": "7.0.0",
        "@solana/codecs-numbers": "7.0.0",
        "@solana/codecs-strings": "7.0.0",
        "@solana/errors": "7.0.0",
        "@solana/keys": "7.0.0",
        "@solana/nominal-types": "7.0.0"
      },
      "engines": {
        "node": ">=20.18.0"
      },
      "peerDependencies": {
        "typescript": ">=5.4.0"
      },
      "peerDependenciesMeta": {
        "typescript": {
          "optional": true
        }
      }
    },
    "node_modules/@solana/options": {
      "version": "7.0.0",
      "resolved": "https://registry.npmjs.org/@solana/options/-/options-7.0.0.tgz",
      "integrity": "sha512-6DhvMqRcL3mG0R5JejYIW5PDTDr7HcLX2R9iCs6OPN1HdsyXmE2rX2EldnuA0rYz1buOodeWYsu4N1lpDcEpaQ==",
      "license": "MIT",
      "dependencies": {
        "@solana/codecs-core": "7.0.0",
        "@solana/codecs-data-structures": "7.0.0",
        "@solana/codecs-numbers": "7.0.0",
        "@solana/codecs-strings": "7.0.0",
        "@solana/errors": "7.0.0"
      },
      "engines": {
        "node": ">=20.18.0"
      },
      "peerDependencies": {
        "typescript": ">=5.4.0"
      },
      "peerDependenciesMeta": {
        "typescript": {
          "optional": true
        }
      }
    },
    "node_modules/@solana/plugin-core": {
      "version": "7.0.0",
      "resolved": "https://registry.npmjs.org/@solana/plugin-core/-/plugin-core-7.0.0.tgz",
      "integrity": "sha512-EwTUfOGoQQ3aXooRlQFVbk+sJW7NqJl1K+bmSLiJUjaBTSqtbr3GtMu7aoybJqzZQKjOGSG4Hn0BzK24SvWy3A==",
      "license": "MIT",
      "engines": {
        "node": ">=20.18.0"
      },
      "peerDependencies": {
        "typescript": ">=5.4.0"
      },
      "peerDependenciesMeta": {
        "typescript": {
          "optional": true
        }
      }
    },
    "node_modules/@solana/plugin-interfaces": {
      "version": "7.0.0",
      "resolved": "https://registry.npmjs.org/@solana/plugin-interfaces/-/plugin-interfaces-7.0.0.tgz",
      "integrity": "sha512-fz/HknZLGnVIjhjXrMzW3Qm1x80oeEMSOk4RzMwjcyAEyfzhHtGNW74NsU5W+uFpYz6UBbV5mB1jpuAdJdnj9A==",
      "license": "MIT",
      "dependencies": {
        "@solana/addresses": "7.0.0",
        "@solana/instruction-plans": "7.0.0",
        "@solana/keys": "7.0.0",
        "@solana/rpc-spec": "7.0.0",
        "@solana/rpc-subscriptions-spec": "7.0.0",
        "@solana/rpc-types": "7.0.0",
        "@solana/signers": "7.0.0"
      },
      "engines": {
        "node": ">=20.18.0"
      },
      "peerDependencies": {
        "typescript": ">=5.4.0"
      },
      "peerDependenciesMeta": {
        "typescript": {
          "optional": true
        }
      }
    },
    "node_modules/@solana/program-client-core": {
      "version": "7.0.0",
      "resolved": "https://registry.npmjs.org/@solana/program-client-core/-/program-client-core-7.0.0.tgz",
      "integrity": "sha512-+N8HImlR3MTbbvhOShsLelQXGZKbi6KhPhyy+4ZkDLbnRs4QikTamIChXZmoCyxB51S8/9cNRAKyQhbeF5Y8Qg==",
      "license": "MIT",
      "dependencies": {
        "@solana/accounts": "7.0.0",
        "@solana/addresses": "7.0.0",
        "@solana/codecs-core": "7.0.0",
        "@solana/errors": "7.0.0",
        "@solana/instruction-plans": "7.0.0",
        "@solana/instructions": "7.0.0",
        "@solana/plugin-interfaces": "7.0.0",
        "@solana/rpc-api": "7.0.0",
        "@solana/signers": "7.0.0"
      },
      "engines": {
        "node": ">=20.18.0"
      },
      "peerDependencies": {
        "typescript": ">=5.4.0"
      },
      "peerDependenciesMeta": {
        "typescript": {
          "optional": true
        }
      }
    },
    "node_modules/@solana/programs": {
      "version": "7.0.0",
      "resolved": "https://registry.npmjs.org/@solana/programs/-/programs-7.0.0.tgz",
      "integrity": "sha512-a1HNgzr9YiiZ8vK4VaKHEXjnZmKX7W5ab2ghuseIalEw/+PJLFcTRTOw8n3efRu677b/bG2Icmb3MBBEXmvbPg==",
      "license": "MIT",
      "dependencies": {
        "@solana/addresses": "7.0.0",
        "@solana/errors": "7.0.0"
      },
      "engines": {
        "node": ">=20.18.0"
      },
      "peerDependencies": {
        "typescript": ">=5.4.0"
      },
      "peerDependenciesMeta": {
        "typescript": {
          "optional": true
        }
      }
    },
    "node_modules/@solana/promises": {
      "version": "7.0.0",
      "resolved": "https://registry.npmjs.org/@solana/promises/-/promises-7.0.0.tgz",
      "integrity": "sha512-rjoHnaR4zeEIHqIzfgotxRrLKqY4Goj0G5duZOnjHm8ZC+7eDkH5/mXj1bDJ4ROM70dVM+y1Xkrjg7IL6k6StA==",
      "license": "MIT",
      "engines": {
        "node": ">=20.18.0"
      },
      "peerDependencies": {
        "typescript": ">=5.4.0"
      },
      "peerDependenciesMeta": {
        "typescript": {
          "optional": true
        }
      }
    },
    "node_modules/@solana/rpc": {
      "version": "7.0.0",
      "resolved": "https://registry.npmjs.org/@solana/rpc/-/rpc-7.0.0.tgz",
      "integrity": "sha512-hCf4XEhspsNb8TnQ+E961+rBuJcTyrmwNr4LDfVHEeO/VTqaN+yVwAI1wpxcnzwc+T4OoXcyujNiQWhVZPOhiA==",
      "license": "MIT",
      "dependencies": {
        "@solana/errors": "7.0.0",
        "@solana/fast-stable-stringify": "7.0.0",
        "@solana/functional": "7.0.0",
        "@solana/rpc-api": "7.0.0",
        "@solana/rpc-spec": "7.0.0",
        "@solana/rpc-spec-types": "7.0.0",
        "@solana/rpc-transformers": "7.0.0",
        "@solana/rpc-transport-http": "7.0.0",
        "@solana/rpc-types": "7.0.0"
      },
      "engines": {
        "node": ">=20.18.0"
      },
      "peerDependencies": {
        "typescript": ">=5.4.0"
      },
      "peerDependenciesMeta": {
        "typescript": {
          "optional": true
        }
      }
    },
    "node_modules/@solana/rpc-api": {
      "version": "7.0.0",
      "resolved": "https://registry.npmjs.org/@solana/rpc-api/-/rpc-api-7.0.0.tgz",
      "integrity": "sha512-MTtBO883st83CjWpo8B4g8EKzXaeoBX5N7+sv4vcvsn2q1NpY4SG3XejdX1FrKeTe9Xjbv0/FzFtykstbKe1UA==",
      "license": "MIT",
      "dependencies": {
        "@solana/addresses": "7.0.0",
        "@solana/codecs-core": "7.0.0",
        "@solana/codecs-strings": "7.0.0",
        "@solana/errors": "7.0.0",
        "@solana/keys": "7.0.0",
        "@solana/rpc-parsed-types": "7.0.0",
        "@solana/rpc-spec": "7.0.0",
        "@solana/rpc-transformers": "7.0.0",
        "@solana/rpc-types": "7.0.0",
        "@solana/transaction-messages": "7.0.0",
        "@solana/transactions": "7.0.0"
      },
      "engines": {
        "node": ">=20.18.0"
      },
      "peerDependencies": {
        "typescript": ">=5.4.0"
      },
      "peerDependenciesMeta": {
        "typescript": {
          "optional": true
        }
      }
    },
    "node_modules/@solana/rpc-parsed-types": {
      "version": "7.0.0",
      "resolved": "https://registry.npmjs.org/@solana/rpc-parsed-types/-/rpc-parsed-types-7.0.0.tgz",
      "integrity": "sha512-80VjPbB/TZ/Hy5qdRF7onPfMPHk5cwBVbtNUGbilrmFuqRzSvzSOY1ynNXXODPZBytNmPq7u7oJfSCsQ5MA9Ig==",
      "license": "MIT",
      "engines": {
        "node": ">=20.18.0"
      },
      "peerDependencies": {
        "typescript": ">=5.4.0"
      },
      "peerDependenciesMeta": {
        "typescript": {
          "optional": true
        }
      }
    },
    "node_modules/@solana/rpc-spec": {
      "version": "7.0.0",
      "resolved": "https://registry.npmjs.org/@solana/rpc-spec/-/rpc-spec-7.0.0.tgz",
      "integrity": "sha512-GRGlXpLgap9yVh3qmCl4huuKAoLMp/p82/9Q9ONj6lmFH+RqJE4Q+16V+HxHI5ZakmwZYoVZU4GEKjumse9SCg==",
      "license": "MIT",
      "dependencies": {
        "@solana/errors": "7.0.0",
        "@solana/rpc-spec-types": "7.0.0",
        "@solana/subscribable": "7.0.0"
      },
      "engines": {
        "node": ">=20.18.0"
      },
      "peerDependencies": {
        "typescript": ">=5.4.0"
      },
      "peerDependenciesMeta": {
        "typescript": {
          "optional": true
        }
      }
    },
    "node_modules/@solana/rpc-spec-types": {
      "version": "7.0.0",
      "resolved": "https://registry.npmjs.org/@solana/rpc-spec-types/-/rpc-spec-types-7.0.0.tgz",
      "integrity": "sha512-V4Hp2//fW8eYq1zcGgHPu7FXKHyIWERBQd4+NRaKn2m8rPiVAm3pVRwPzSvVE0+8Nyf5qzdcfcMf7NQdhl6j7Q==",
      "license": "MIT",
      "dependencies": {
        "@solana/errors": "7.0.0"
      },
      "engines": {
        "node": ">=20.18.0"
      },
      "peerDependencies": {
        "typescript": ">=5.4.0"
      },
      "peerDependenciesMeta": {
        "typescript": {
          "optional": true
        }
      }
    },
    "node_modules/@solana/rpc-subscriptions": {
      "version": "7.0.0",
      "resolved": "https://registry.npmjs.org/@solana/rpc-subscriptions/-/rpc-subscriptions-7.0.0.tgz",
      "integrity": "sha512-jLNjUCGBbCIfABqqHopNJIeAkhd4GzhbodgCH4x2X+S0ycBaERX393+k+fG8JPJpGujkmeQFBCeIKO3lK+PoYg==",
      "license": "MIT",
      "dependencies": {
        "@solana/errors": "7.0.0",
        "@solana/fast-stable-stringify": "7.0.0",
        "@solana/functional": "7.0.0",
        "@solana/promises": "7.0.0",
        "@solana/rpc-spec-types": "7.0.0",
        "@solana/rpc-subscriptions-api": "7.0.0",
        "@solana/rpc-subscriptions-channel-websocket": "7.0.0",
        "@solana/rpc-subscriptions-spec": "7.0.0",
        "@solana/rpc-transformers": "7.0.0",
        "@solana/rpc-types": "7.0.0",
        "@solana/subscribable": "7.0.0"
      },
      "engines": {
        "node": ">=20.18.0"
      },
      "peerDependencies": {
        "typescript": ">=5.4.0"
      },
      "peerDependenciesMeta": {
        "typescript": {
          "optional": true
        }
      }
    },
    "node_modules/@solana/rpc-subscriptions-api": {
      "version": "7.0.0",
      "resolved": "https://registry.npmjs.org/@solana/rpc-subscriptions-api/-/rpc-subscriptions-api-7.0.0.tgz",
      "integrity": "sha512-o2PZDeNC/kg3VO3ry4R0JySJ1xMHLchZwmzVwamxGidlLe9uvzm6CHlCqv/JCq4/zHLo7qbLqnmOckZ6vlDqaw==",
      "license": "MIT",
      "dependencies": {
        "@solana/addresses": "7.0.0",
        "@solana/keys": "7.0.0",
        "@solana/rpc-subscriptions-spec": "7.0.0",
        "@solana/rpc-transformers": "7.0.0",
        "@solana/rpc-types": "7.0.0",
        "@solana/transaction-messages": "7.0.0",
        "@solana/transactions": "7.0.0"
      },
      "engines": {
        "node": ">=20.18.0"
      },
      "peerDependencies": {
        "typescript": ">=5.4.0"
      },
      "peerDependenciesMeta": {
        "typescript": {
          "optional": true
        }
      }
    },
    "node_modules/@solana/rpc-subscriptions-channel-websocket": {
      "version": "7.0.0",
      "resolved": "https://registry.npmjs.org/@solana/rpc-subscriptions-channel-websocket/-/rpc-subscriptions-channel-websocket-7.0.0.tgz",
      "integrity": "sha512-79ecXBCT2pG+vXNBZim80vUz+B04L1mEduXobBIXM55VvxsHYT+4H4V+/ZHoFJUK6Lhbt+6zhpconx8Wa3H+JA==",
      "license": "MIT",
      "dependencies": {
        "@solana/errors": "7.0.0",
        "@solana/functional": "7.0.0",
        "@solana/rpc-subscriptions-spec": "7.0.0",
        "@solana/subscribable": "7.0.0",
        "ws": "^8.21.0"
      },
      "engines": {
        "node": ">=20.18.0"
      },
      "peerDependencies": {
        "typescript": ">=5.4.0"
      },
      "peerDependenciesMeta": {
        "typescript": {
          "optional": true
        }
      }
    },
    "node_modules/@solana/rpc-subscriptions-spec": {
      "version": "7.0.0",
      "resolved": "https://registry.npmjs.org/@solana/rpc-subscriptions-spec/-/rpc-subscriptions-spec-7.0.0.tgz",
      "integrity": "sha512-Oips5ciWqPGO5Cx7hcEQ/czbcrUjPf+4cTam0UMrK3BnvHPcEAWkPYlIgabQiqa60/pjOOz7B936oMXA5XwL+g==",
      "license": "MIT",
      "dependencies": {
        "@solana/errors": "7.0.0",
        "@solana/promises": "7.0.0",
        "@solana/rpc-spec-types": "7.0.0",
        "@solana/subscribable": "7.0.0"
      },
      "engines": {
        "node": ">=20.18.0"
      },
      "peerDependencies": {
        "typescript": ">=5.4.0"
      },
      "peerDependenciesMeta": {
        "typescript": {
          "optional": true
        }
      }
    },
    "node_modules/@solana/rpc-transformers": {
      "version": "7.0.0",
      "resolved": "https://registry.npmjs.org/@solana/rpc-transformers/-/rpc-transformers-7.0.0.tgz",
      "integrity": "sha512-NHkTKC2J4oaMMzyOtIEDOLCGtzg1Y8vlPoBmUeA82o+DNjBSiZLR2Ariy7n7chmwKchCZ8aGirBxjLCSRc6b/g==",
      "license": "MIT",
      "dependencies": {
        "@solana/errors": "7.0.0",
        "@solana/functional": "7.0.0",
        "@solana/nominal-types": "7.0.0",
        "@solana/rpc-spec-types": "7.0.0",
        "@solana/rpc-types": "7.0.0"
      },
      "engines": {
        "node": ">=20.18.0"
      },
      "peerDependencies": {
        "typescript": ">=5.4.0"
      },
      "peerDependenciesMeta": {
        "typescript": {
          "optional": true
        }
      }
    },
    "node_modules/@solana/rpc-transport-http": {
      "version": "7.0.0",
      "resolved": "https://registry.npmjs.org/@solana/rpc-transport-http/-/rpc-transport-http-7.0.0.tgz",
      "integrity": "sha512-W0G15BN0xljXzRRo/ZwepJNiOjKhRImF5SxhjZauh2yVBoUjfd6NSCmYcdWu0tj9lypKKrB1ReS4oPmb4yCHbA==",
      "license": "MIT",
      "dependencies": {
        "@solana/errors": "7.0.0",
        "@solana/rpc-spec": "7.0.0",
        "@solana/rpc-spec-types": "7.0.0",
        "undici-types": "^8.5.0"
      },
      "engines": {
        "node": ">=20.18.0"
      },
      "peerDependencies": {
        "typescript": ">=5.4.0"
      },
      "peerDependenciesMeta": {
        "typescript": {
          "optional": true
        }
      }
    },
    "node_modules/@solana/rpc-types": {
      "version": "7.0.0",
      "resolved": "https://registry.npmjs.org/@solana/rpc-types/-/rpc-types-7.0.0.tgz",
      "integrity": "sha512-Lf2csFSWHwN/8EL03uWfS7n1J19vWLK4DBGkQ5jebRhoJ3dD+xPcJtS+epI2281t5aghJvoV7D+RIM0NextZJg==",
      "license": "MIT",
      "dependencies": {
        "@solana/addresses": "7.0.0",
        "@solana/codecs-core": "7.0.0",
        "@solana/codecs-numbers": "7.0.0",
        "@solana/codecs-strings": "7.0.0",
        "@solana/errors": "7.0.0",
        "@solana/fixed-points": "7.0.0",
        "@solana/nominal-types": "7.0.0"
      },
      "engines": {
        "node": ">=20.18.0"
      },
      "peerDependencies": {
        "typescript": ">=5.4.0"
      },
      "peerDependenciesMeta": {
        "typescript": {
          "optional": true
        }
      }
    },
    "node_modules/@solana/signers": {
      "version": "7.0.0",
      "resolved": "https://registry.npmjs.org/@solana/signers/-/signers-7.0.0.tgz",
      "integrity": "sha512-4E3xYQ0b9OZCTLghqfeHh66lfipy3jV1REdFJLk9WqPBaXVa/wSgGGIqZVa744ATSd9AeEfL/I5n/LrMNQOhoA==",
      "license": "MIT",
      "dependencies": {
        "@solana/addresses": "7.0.0",
        "@solana/codecs-core": "7.0.0",
        "@solana/errors": "7.0.0",
        "@solana/instructions": "7.0.0",
        "@solana/keys": "7.0.0",
        "@solana/nominal-types": "7.0.0",
        "@solana/offchain-messages": "7.0.0",
        "@solana/transaction-messages": "7.0.0",
        "@solana/transactions": "7.0.0"
      },
      "engines": {
        "node": ">=20.18.0"
      },
      "peerDependencies": {
        "typescript": ">=5.4.0"
      },
      "peerDependenciesMeta": {
        "typescript": {
          "optional": true
        }
      }
    },
    "node_modules/@solana/subscribable": {
      "version": "7.0.0",
      "resolved": "https://registry.npmjs.org/@solana/subscribable/-/subscribable-7.0.0.tgz",
      "integrity": "sha512-dJQA5AxDv/7YxuNe7GXIkaOUNhXczFaL3/SNOvXe7k77bC4dx4HPkySfcVDfEWBOePe3+8iyVbT8DZ3aOcp8Ng==",
      "license": "MIT",
      "dependencies": {
        "@solana/errors": "7.0.0",
        "@solana/promises": "7.0.0"
      },
      "engines": {
        "node": ">=20.18.0"
      },
      "peerDependencies": {
        "typescript": ">=5.4.0"
      },
      "peerDependenciesMeta": {
        "typescript": {
          "optional": true
        }
      }
    },
    "node_modules/@solana/sysvars": {
      "version": "7.0.0",
      "resolved": "https://registry.npmjs.org/@solana/sysvars/-/sysvars-7.0.0.tgz",
      "integrity": "sha512-GKND6hCcBcrak3/VAtx6aEoAi9wQjJQzU2Fcu6JYmnTjGe5MHf21FqbjGl0aQ0C2HlJQQJmA07wgsuOiYDTDog==",
      "license": "MIT",
      "dependencies": {
        "@solana/accounts": "7.0.0",
        "@solana/codecs-core": "7.0.0",
        "@solana/codecs-data-structures": "7.0.0",
        "@solana/codecs-numbers": "7.0.0",
        "@solana/errors": "7.0.0",
        "@solana/rpc-types": "7.0.0"
      },
      "engines": {
        "node": ">=20.18.0"
      },
      "peerDependencies": {
        "typescript": ">=5.4.0"
      },
      "peerDependenciesMeta": {
        "typescript": {
          "optional": true
        }
      }
    },
    "node_modules/@solana/transaction-confirmation": {
      "version": "7.0.0",
      "resolved": "https://registry.npmjs.org/@solana/transaction-confirmation/-/transaction-confirmation-7.0.0.tgz",
      "integrity": "sha512-SaU2CY9ZDJGK47DtQ7xwKFmbgzDGqIN/Ug89ZSUzDPD9QdMRXhtxgH8KZgb0gSgpyel85sSt0QH9wkWzhp69ow==",
      "license": "MIT",
      "dependencies": {
        "@solana/addresses": "7.0.0",
        "@solana/codecs-strings": "7.0.0",
        "@solana/errors": "7.0.0",
        "@solana/keys": "7.0.0",
        "@solana/promises": "7.0.0",
        "@solana/rpc": "7.0.0",
        "@solana/rpc-subscriptions": "7.0.0",
        "@solana/rpc-types": "7.0.0",
        "@solana/transaction-messages": "7.0.0",
        "@solana/transactions": "7.0.0"
      },
      "engines": {
        "node": ">=20.18.0"
      },
      "peerDependencies": {
        "typescript": ">=5.4.0"
      },
      "peerDependenciesMeta": {
        "typescript": {
          "optional": true
        }
      }
    },
    "node_modules/@solana/transaction-introspection": {
      "version": "7.0.0",
      "resolved": "https://registry.npmjs.org/@solana/transaction-introspection/-/transaction-introspection-7.0.0.tgz",
      "integrity": "sha512-aO+5ewxGaziXYcXJZ6F3doq/KI1L3WU2z5eCjs4DBO0kRQBHp4bH6ZKygVX2JIxOZrd1rB9SxP/CCCX2wRm8Xw==",
      "license": "MIT",
      "dependencies": {
        "@solana/addresses": "7.0.0",
        "@solana/codecs-core": "7.0.0",
        "@solana/codecs-strings": "7.0.0",
        "@solana/errors": "7.0.0",
        "@solana/instructions": "7.0.0",
        "@solana/rpc-api": "7.0.0",
        "@solana/transaction-messages": "7.0.0",
        "@solana/transactions": "7.0.0"
      },
      "engines": {
        "node": ">=20.18.0"
      },
      "peerDependencies": {
        "typescript": ">=5.4.0"
      },
      "peerDependenciesMeta": {
        "typescript": {
          "optional": true
        }
      }
    },
    "node_modules/@solana/transaction-messages": {
      "version": "7.0.0",
      "resolved": "https://registry.npmjs.org/@solana/transaction-messages/-/transaction-messages-7.0.0.tgz",
      "integrity": "sha512-qCBYR3QQvykcI36vnqwI5090hGXS3mmCe72b/f/n9kBsBaA2oowdBXZupB1wwKe8+6x8o8VkhKQaK9oTKKbWTg==",
      "license": "MIT",
      "dependencies": {
        "@solana/addresses": "7.0.0",
        "@solana/codecs-core": "7.0.0",
        "@solana/codecs-data-structures": "7.0.0",
        "@solana/codecs-numbers": "7.0.0",
        "@solana/errors": "7.0.0",
        "@solana/functional": "7.0.0",
        "@solana/instructions": "7.0.0",
        "@solana/nominal-types": "7.0.0",
        "@solana/rpc-types": "7.0.0"
      },
      "engines": {
        "node": ">=20.18.0"
      },
      "peerDependencies": {
        "typescript": ">=5.4.0"
      },
      "peerDependenciesMeta": {
        "typescript": {
          "optional": true
        }
      }
    },
    "node_modules/@solana/transactions": {
      "version": "7.0.0",
      "resolved": "https://registry.npmjs.org/@solana/transactions/-/transactions-7.0.0.tgz",
      "integrity": "sha512-y5nayd2Ozld/4Bxefz50e/E6qxyZteuZCZ7suh7z96KY6QUJlZDR+eCG1v/lA7Azt3GSOevJuYFX/ept/mqZkw==",
      "license": "MIT",
      "dependencies": {
        "@solana/addresses": "7.0.0",
        "@solana/codecs-core": "7.0.0",
        "@solana/codecs-data-structures": "7.0.0",
        "@solana/codecs-numbers": "7.0.0",
        "@solana/codecs-strings": "7.0.0",
        "@solana/errors": "7.0.0",
        "@solana/functional": "7.0.0",
        "@solana/instructions": "7.0.0",
        "@solana/keys": "7.0.0",
        "@solana/nominal-types": "7.0.0",
        "@solana/rpc-types": "7.0.0",
        "@solana/transaction-messages": "7.0.0"
      },
      "engines": {
        "node": ">=20.18.0"
      },
      "peerDependencies": {
        "typescript": ">=5.4.0"
      },
      "peerDependenciesMeta": {
        "typescript": {
          "optional": true
        }
      }
    },
    "node_modules/chalk": {
      "version": "5.6.2",
      "resolved": "https://registry.npmjs.org/chalk/-/chalk-5.6.2.tgz",
      "integrity": "sha512-7NzBL0rN6fMUW+f7A6Io4h40qQlG+xGmtMxfbnH/K7TAtt8JQWVQK+6g0UXKMeVJoyV5EkkNsErQ8pVD3bLHbA==",
      "license": "MIT",
      "engines": {
        "node": "^12.17.0 || ^14.13 || >=16.0.0"
      },
      "funding": {
        "url": "https://github.com/chalk/chalk?sponsor=1"
      }
    },
    "node_modules/commander": {
      "version": "15.0.0",
      "resolved": "https://registry.npmjs.org/commander/-/commander-15.0.0.tgz",
      "integrity": "sha512-z67u4ZhzCL/Tydu1lJARtEZYWbWaN7oYLHbsuzocr6y4N6WZAagG3RQ4FW61V1/0+jImpj293XfrcYnd1qxtPg==",
      "license": "MIT",
      "engines": {
        "node": ">=22.12.0"
      }
    },
    "node_modules/undici-types": {
      "version": "8.7.0",
      "resolved": "https://registry.npmjs.org/undici-types/-/undici-types-8.7.0.tgz",
      "integrity": "sha512-gbsS+hAjHg9iV+T8XWdFqnOZEk4f5xrrX3eb9Y1GDe+B5u9H68P6SzYXXUw/rkRvJHRgKIdNfAcrcVj/JvayVA==",
      "license": "MIT"
    },
    "node_modules/ws": {
      "version": "8.21.1",
      "resolved": "https://registry.npmjs.org/ws/-/ws-8.21.1.tgz",
      "integrity": "sha512-+0NTnW77fFN/DjQi6k/Sq/Yvk4Sgajw7urW8V+asjXnRgDs9gyGkdb7EzgfhA4goXsRIZKE28fzIXBHEzhuiWw==",
      "license": "MIT",
      "engines": {
        "node": ">=10.0.0"
      },
      "peerDependencies": {
        "bufferutil": "^4.0.1",
        "utf-8-validate": ">=5.0.2"
      },
      "peerDependenciesMeta": {
        "bufferutil": {
          "optional": true
        },
        "utf-8-validate": {
          "optional": true
        }
      }
    }
  }
}
